<?xml version="1.0" encoding="utf-8"?>
<Project ToolsVersion="4.0" xmlns="http://schemas.microsoft.com/developer/msbuild/2003">
  <ItemGroup>
    <Filter Include="Arquivos de Cabeçalho">
      <UniqueIdentifier>{93995380-89BD-4b04-88EB-625FBE52EBFB}</UniqueIdentifier>
      <Extensions>h;hh;hpp;hxx;h++;hm;inl;inc;ipp;xsd</Extensions>
    </Filter>
    <Filter Include="Arquivos de Recurso">
      <UniqueIdentifier>{67DA6AB6-F800-4c08-8B7A-83BB121AAD01}</UniqueIdentifier>
      <Extensions>rc;ico;cur;bmp;dlg;rc2;rct;bin;rgs;gif;jpg;jpeg;jpe;resx;tiff;tif;png;wav;mfcribbon-ms</Extensions>
    </Filter>
  </ItemGroup>
  <ItemGroup>
    <ClInclude Include="..\ambiente\main.h">
      <Filter>Arquivos de Cabeçalho</Filter>
    </ClInclude>
    <ClInclude Include="..\ambiente\LagrangianManager.h">
      <Filter>Arquivos de Cabeçalho</Filter>
    </ClInclude>
    <ClInclude Include="..\ambiente\Variable.h">
      <Filter>Arquivos de Cabeçalho</Filter>
    </ClInclude>
    <ClInclude Include="..\ambiente\Constraint.h">
      <Filter>Arquivos de Cabeçalho</Filter>
    </ClInclude>
    <ClInclude Include="..\ambiente\restricao_hash.h">
      <Filter>Arquivos de Cabeçalho</Filter>
    </ClInclude>
    <ClInclude Include="..\ambiente\BBTree.h">
      <Filter>Arquivos de Cabeçalho</Filter>
    </ClInclude>
    <ClInclude Include="..\ambiente\RGPVariable.h">
      <Filter>Arquivos de Cabeçalho</Filter>
    </ClInclude>
    <ClInclude Include="..\ambiente\Points.h">
      <Filter>Arquivos de Cabeçalho</Filter>
    </ClInclude>
    <ClInclude Include="..\ambiente\LagrangianRelaxation.h">
      <Filter>Arquivos de Cabeçalho</Filter>
    </ClInclude>
    <ClInclude Include="..\ambiente\algoritmo.h">
      <Filter>Arquivos de Cabeçalho</Filter>
    </ClInclude>
    <ClInclude Include="..\ambiente\Time.h">
      <Filter>Arquivos de Cabeçalho</Filter>
    </ClInclude>
    <ClInclude Include="..\ambiente\RGPLagrangianRelaxation.h">
      <Filter>Arquivos de Cabeçalho</Filter>
    </ClInclude>
    <ClInclude Include="..\ambiente\grafo.h">
      <Filter>Arquivos de Cabeçalho</Filter>
    </ClInclude>
    <ClInclude Include="..\ambiente\RGPManager.h">
      <Filter>Arquivos de Cabeçalho</Filter>
    </ClInclude>
    <ClInclude Include="..\ambiente\Configuration.h">
      <Filter>Arquivos de Cabeçalho</Filter>
    </ClInclude>
    <ClInclude Include="..\ambiente\SortThreadPool.h">
      <Filter>Arquivos de Cabeçalho</Filter>
    </ClInclude>
  </ItemGroup>
  <ItemGroup>
    <ResourceCompile Include="Mestrado.rc">
      <Filter>Arquivos de Recurso</Filter>
    </ResourceCompile>
  </ItemGroup>
  <ItemGroup>
    <ClCompile Include="..\ambiente\main.cpp" />
    <ClCompile Include="Mestrado.cpp" />
    <ClCompile Include="..\ambiente\RGPLagrangianRelaxation.cpp" />
    <ClCompile Include="..\ambiente\LagrangianRelaxation.cpp" />
    <ClCompile Include="..\ambiente\algoritmo.cpp" />
    <ClCompile Include="..\ambiente\Time.cpp" />
    <ClCompile Include="..\ambiente\RGPVariable.cpp" />
    <ClCompile Include="..\ambiente\Variable.cpp" />
    <ClCompile Include="..\ambiente\Constraint.cpp" />
    <ClCompile Include="..\ambiente\LagrangianManager.cpp" />
    <ClCompile Include="..\ambiente\BBTree.cpp" />
    <ClCompile Include="..\ambiente\grafo.cpp" />
    <ClCompile Include="..\ambiente\Points.cpp" />
    <ClCompile Include="..\ambiente\RGPManager.cpp" />
    <ClCompile Include="..\ambiente\Configuration.cpp" />
    <ClCompile Include="..\ambiente\SortThreadPool.cpp" />
  </ItemGroup>
</Project>